
Microsoft Visual Studio Solution File, Format Version 12.00
# Visual Studio Version 17
VisualStudioVersion = 17.9.34728.123
MinimumVisualStudioVersion = 10.0.40219.1
Project("{FAE04EC0-301F-11D3-BF4B-00C04F79EFBC}") = "MyMachines", "MyMachines\MyMachines.csproj", "{603B258D-D3CD-4E42-9484-FFD54981860B}"
EndProject
Global
	GlobalSection(SolutionConfigurationPlatforms) = preSolution
		Debug|Any CPU = Debug|Any CPU
		Release|Any CPU = Release|Any CPU
	EndGlobalSection
	GlobalSection(ProjectConfigurationPlatforms) = postSolution
		{603B258D-D3CD-4E42-9484-FFD54981860B}.Debug|Any CPU.ActiveCfg = Debug|Any CPU
		{603B258D-D3CD-4E42-9484-FFD54981860B}.Debug|Any CPU.Build.0 = Debug|Any CPU
		{603B258D-D3CD-4E42-9484-FFD54981860B}.Release|Any CPU.ActiveCfg = Release|Any CPU
		{603B258D-D3CD-4E42-9484-FFD54981860B}.Release|Any CPU.Build.0 = Release|Any CPU
	EndGlobalSection
	GlobalSection(SolutionProperties) = preSolution
		HideSolutionNode = FALSE
	EndGlobalSection
	GlobalSection(ExtensibilityGlobals) = postSolution
		SolutionGuid = {0FAE9810-A12A-465D-AD04-E8224D4D500A}
	EndGlobalSection
EndGlobal
